// !$*UTF8*$!
{
	archiveVersion = 1;
	classes = {
	};
	objectVersion = 50;
	objects = {

/* Begin PBXBuildFile section */
		1C28A7B4262E7D9D0036951E /* AppDelegate.swift in Sources */ = {isa = PBXBuildFile; fileRef = 1C28A7B3262E7D9D0036951E /* AppDelegate.swift */; };
		1C28A7BD262E7D9F0036951E /* Assets.xcassets in Resources */ = {isa = PBXBuildFile; fileRef = 1C28A7BC262E7D9F0036951E /* Assets.xcassets */; };
		1C28A7C0262E7D9F0036951E /* LaunchScreen.storyboard in Resources */ = {isa = PBXBuildFile; fileRef = 1C28A7BE262E7D9F0036951E /* LaunchScreen.storyboard */; };
		1C28A7D0262E7E740036951E /* HomeVC.swift in Sources */ = {isa = PBXBuildFile; fileRef = 1C28A7CF262E7E740036951E /* HomeVC.swift */; };
		1C28A81C262E84570036951E /* SwiftUIKitCore.framework in Frameworks */ = {isa = PBXBuildFile; fileRef = 1C28A81B262E84570036951E /* SwiftUIKitCore.framework */; };
		1C28A81D262E84570036951E /* SwiftUIKitCore.framework in Embed Frameworks */ = {isa = PBXBuildFile; fileRef = 1C28A81B262E84570036951E /* SwiftUIKitCore.framework */; settings = {ATTRIBUTES = (CodeSignOnCopy, RemoveHeadersOnCopy, ); }; };
		1C28A823262E850D0036951E /* SwiftUIKit.framework in Frameworks */ = {isa = PBXBuildFile; fileRef = 1C28A822262E850D0036951E /* SwiftUIKit.framework */; };
		1C28A824262E850D0036951E /* SwiftUIKit.framework in Embed Frameworks */ = {isa = PBXBuildFile; fileRef = 1C28A822262E850D0036951E /* SwiftUIKit.framework */; settings = {ATTRIBUTES = (CodeSignOnCopy, RemoveHeadersOnCopy, ); }; };
/* End PBXBuildFile section */

/* Begin PBXCopyFilesBuildPhase section */
		1C28A7D7262E7F670036951E /* Embed Frameworks */ = {
			isa = PBXCopyFilesBuildPhase;
			buildActionMask = 2147483647;
			dstPath = "";
			dstSubfolderSpec = 10;
			files = (
				1C28A81D262E84570036951E /* SwiftUIKitCore.framework in Embed Frameworks */,
				1C28A824262E850D0036951E /* SwiftUIKit.framework in Embed Frameworks */,
			);
			name = "Embed Frameworks";
			runOnlyForDeploymentPostprocessing = 0;
		};
/* End PBXCopyFilesBuildPhase section */

/* Begin PBXFileReference section */
		1C28A7B0262E7D9D0036951E /* SwiftUIKit-Example.app */ = {isa = PBXFileReference; explicitFileType = wrapper.application; includeInIndex = 0; path = "SwiftUIKit-Example.app"; sourceTree = BUILT_PRODUCTS_DIR; };
		1C28A7B3262E7D9D0036951E /* AppDelegate.swift */ = {isa = PBXFileReference; lastKnownFileType = sourcecode.swift; path = AppDelegate.swift; sourceTree = "<group>"; };
		1C28A7BC262E7D9F0036951E /* Assets.xcassets */ = {isa = PBXFileReference; lastKnownFileType = folder.assetcatalog; path = Assets.xcassets; sourceTree = "<group>"; };
		1C28A7BF262E7D9F0036951E /* Base */ = {isa = PBXFileReference; lastKnownFileType = file.storyboard; name = Base; path = Base.lproj/LaunchScreen.storyboard; sourceTree = "<group>"; };
		1C28A7C1262E7D9F0036951E /* Info.plist */ = {isa = PBXFileReference; lastKnownFileType = text.plist.xml; path = Info.plist; sourceTree = "<group>"; };
		1C28A7CF262E7E740036951E /* HomeVC.swift */ = {isa = PBXFileReference; lastKnownFileType = sourcecode.swift; path = HomeVC.swift; sourceTree = "<group>"; };
		1C28A7D4262E7F670036951E /* SwiftUIKit.framework */ = {isa = PBXFileReference; explicitFileType = wrapper.framework; path = SwiftUIKit.framework; sourceTree = BUILT_PRODUCTS_DIR; };
		1C28A811262E832B0036951E /* Core.framework */ = {isa = PBXFileReference; explicitFileType = wrapper.framework; name = Core.framework; path = SwiftUIKit/Core.framework; sourceTree = BUILT_PRODUCTS_DIR; };
		1C28A816262E83670036951E /* Core.framework */ = {isa = PBXFileReference; explicitFileType = wrapper.framework; name = Core.framework; path = SwiftUIKit/Core.framework; sourceTree = BUILT_PRODUCTS_DIR; };
		1C28A81B262E84570036951E /* SwiftUIKitCore.framework */ = {isa = PBXFileReference; explicitFileType = wrapper.framework; path = SwiftUIKitCore.framework; sourceTree = BUILT_PRODUCTS_DIR; };
		1C28A822262E850D0036951E /* SwiftUIKit.framework */ = {isa = PBXFileReference; explicitFileType = wrapper.framework; path = SwiftUIKit.framework; sourceTree = BUILT_PRODUCTS_DIR; };
/* End PBXFileReference section */

/* Begin PBXFrameworksBuildPhase section */
		1C28A7AD262E7D9D0036951E /* Frameworks */ = {
			isa = PBXFrameworksBuildPhase;
			buildActionMask = 2147483647;
			files = (
				1C28A81C262E84570036951E /* SwiftUIKitCore.framework in Frameworks */,
				1C28A823262E850D0036951E /* SwiftUIKit.framework in Frameworks */,
			);
			runOnlyForDeploymentPostprocessing = 0;
		};
/* End PBXFrameworksBuildPhase section */

/* Begin PBXGroup section */
		1C28A7A7262E7D9D0036951E = {
			isa = PBXGroup;
			children = (
				1C28A7B2262E7D9D0036951E /* SwiftUIKit-Example */,
				1C28A7B1262E7D9D0036951E /* Products */,
				1C28A7D3262E7F670036951E /* Frameworks */,
			);
			sourceTree = "<group>";
		};
		1C28A7B1262E7D9D0036951E /* Products */ = {
			isa = PBXGroup;
			children = (
				1C28A7B0262E7D9D0036951E /* SwiftUIKit-Example.app */,
			);
			name = Products;
			sourceTree = "<group>";
		};
		1C28A7B2262E7D9D0036951E /* SwiftUIKit-Example */ = {
			isa = PBXGroup;
			children = (
				1C28A7CE262E7E5B0036951E /* Views */,
				1C28A7CD262E7E4C0036951E /* Resources */,
				1C28A7CC262E7E250036951E /* SupportFiles */,
				1C28A7B3262E7D9D0036951E /* AppDelegate.swift */,
			);
			path = "SwiftUIKit-Example";
			sourceTree = "<group>";
		};
		1C28A7CC262E7E250036951E /* SupportFiles */ = {
			isa = PBXGroup;
			children = (
				1C28A7C1262E7D9F0036951E /* Info.plist */,
			);
			path = SupportFiles;
			sourceTree = "<group>";
		};
		1C28A7CD262E7E4C0036951E /* Resources */ = {
			isa = PBXGroup;
			children = (
				1C28A7BC262E7D9F0036951E /* Assets.xcassets */,
				1C28A7BE262E7D9F0036951E /* LaunchScreen.storyboard */,
			);
			path = Resources;
			sourceTree = "<group>";
		};
		1C28A7CE262E7E5B0036951E /* Views */ = {
			isa = PBXGroup;
			children = (
				1C28A7CF262E7E740036951E /* HomeVC.swift */,
			);
			path = Views;
			sourceTree = "<group>";
		};
		1C28A7D3262E7F670036951E /* Frameworks */ = {
			isa = PBXGroup;
			children = (
				1C28A822262E850D0036951E /* SwiftUIKit.framework */,
				1C28A81B262E84570036951E /* SwiftUIKitCore.framework */,
				1C28A816262E83670036951E /* Core.framework */,
				1C28A811262E832B0036951E /* Core.framework */,
				1C28A7D4262E7F670036951E /* SwiftUIKit.framework */,
			);
			name = Frameworks;
			sourceTree = "<group>";
		};
/* End PBXGroup section */

/* Begin PBXNativeTarget section */
		1C28A7AF262E7D9D0036951E /* SwiftUIKit-Example */ = {
			isa = PBXNativeTarget;
			buildConfigurationList = 1C28A7C4262E7D9F0036951E /* Build configuration list for PBXNativeTarget "SwiftUIKit-Example" */;
			buildPhases = (
				1C28A7AC262E7D9D0036951E /* Sources */,
				1C28A7AD262E7D9D0036951E /* Frameworks */,
				1C28A7AE262E7D9D0036951E /* Resources */,
				1C28A7D7262E7F670036951E /* Embed Frameworks */,
			);
			buildRules = (
			);
			dependencies = (
			);
			name = "SwiftUIKit-Example";
			productName = "SwiftUIKit-Example";
			productReference = 1C28A7B0262E7D9D0036951E /* SwiftUIKit-Example.app */;
			productType = "com.apple.product-type.application";
		};
/* End PBXNativeTarget section */

/* Begin PBXProject section */
		1C28A7A8262E7D9D0036951E /* Project object */ = {
			isa = PBXProject;
			attributes = {
				LastSwiftUpdateCheck = 1240;
				LastUpgradeCheck = 1240;
				TargetAttributes = {
					1C28A7AF262E7D9D0036951E = {
						CreatedOnToolsVersion = 12.4;
					};
				};
			};
			buildConfigurationList = 1C28A7AB262E7D9D0036951E /* Build configuration list for PBXProject "SwiftUIKit-Example" */;
			compatibilityVersion = "Xcode 9.3";
			developmentRegion = en;
			hasScannedForEncodings = 0;
			knownRegions = (
				en,
				Base,
			);
			mainGroup = 1C28A7A7262E7D9D0036951E;
			productRefGroup = 1C28A7B1262E7D9D0036951E /* Products */;
			projectDirPath = "";
			projectRoot = "";
			targets = (
				1C28A7AF262E7D9D0036951E /* SwiftUIKit-Example */,
			);
		};
/* End PBXProject section */

/* Begin PBXResourcesBuildPhase section */
		1C28A7AE262E7D9D0036951E /* Resources */ = {
			isa = PBXResourcesBuildPhase;
			buildActionMask = 2147483647;
			files = (
				1C28A7C0262E7D9F0036951E /* LaunchScreen.storyboard in Resources */,
				1C28A7BD262E7D9F0036951E /* Assets.xcassets in Resources */,
			);
			runOnlyForDeploymentPostprocessing = 0;
		};
/* End PBXResourcesBuildPhase section */

/* Begin PBXSourcesBuildPhase section */
		1C28A7AC262E7D9D0036951E /* Sources */ = {
			isa = PBXSourcesBuildPhase;
			buildActionMask = 2147483647;
			files = (
				1C28A7B4262E7D9D0036951E /* AppDelegate.swift in Sources */,
				1C28A7D0262E7E740036951E /* HomeVC.swift in Sources */,
			);
			runOnlyForDeploymentPostprocessing = 0;
		};
/* End PBXSourcesBuildPhase section */

/* Begin PBXVariantGroup section */
		1C28A7BE262E7D9F0036951E /* LaunchScreen.storyboard */ = {
			isa = PBXVariantGroup;
			children = (
				1C28A7BF262E7D9F0036951E /* Base */,
			);
			name = LaunchScreen.storyboard;
			sourceTree = "<group>";
		};
/* End PBXVariantGroup section */

/* Begin XCBuildConfiguration section */
		1C28A7C2262E7D9F0036951E /* Debug */ = {
			isa = XCBuildConfiguration;
			buildSettings = {
				ALWAYS_SEARCH_USER_PATHS = NO;
				CLANG_ANALYZER_NONNULL = YES;
				CLANG_ANALYZER_NUMBER_OBJECT_CONVERSION = YES_AGGRESSIVE;
				CLANG_CXX_LANGUAGE_STANDARD = "gnu++14";
				CLANG_CXX_LIBRARY = "libc++";
				CLANG_ENABLE_MODULES = YES;
				CLANG_ENABLE_OBJC_ARC = YES;
				CLANG_ENABLE_OBJC_WEAK = YES;
				CLANG_WARN_BLOCK_CAPTURE_AUTORELEASING = YES;
				CLANG_WARN_BOOL_CONVERSION = YES;
				CLANG_WARN_COMMA = YES;
				CLANG_WARN_CONSTANT_CONVERSION = YES;
				CLANG_WARN_DEPRECATED_OBJC_IMPLEMENTATIONS = YES;
				CLANG_WARN_DIRECT_OBJC_ISA_USAGE = YES_ERROR;
				CLANG_WARN_DOCUMENTATION_COMMENTS = YES;
				CLANG_WARN_EMPTY_BODY = YES;
				CLANG_WARN_ENUM_CONVERSION = YES;
				CLANG_WARN_INFINITE_RECURSION = YES;
				CLANG_WARN_INT_CONVERSION = YES;
				CLANG_WARN_NON_LITERAL_NULL_CONVERSION = YES;
				CLANG_WARN_OBJC_IMPLICIT_RETAIN_SELF = YES;
				CLANG_WARN_OBJC_LITERAL_CONVERSION = YES;
				CLANG_WARN_OBJC_ROOT_CLASS = YES_ERROR;
				CLANG_WARN_QUOTED_INCLUDE_IN_FRAMEWORK_HEADER = YES;
				CLANG_WARN_RANGE_LOOP_ANALYSIS = YES;
				CLANG_WARN_STRICT_PROTOTYPES = YES;
				CLANG_WARN_SUSPICIOUS_MOVE = YES;
				CLANG_WARN_UNGUARDED_AVAILABILITY = YES_AGGRESSIVE;
				CLANG_WARN_UNREACHABLE_CODE = YES;
				CLANG_WARN__DUPLICATE_METHOD_MATCH = YES;
				COPY_PHASE_STRIP = NO;
				DEBUG_INFORMATION_FORMAT = dwarf;
				ENABLE_STRICT_OBJC_MSGSEND = YES;
				ENABLE_TESTABILITY = YES;
				GCC_C_LANGUAGE_STANDARD = gnu11;
				GCC_DYNAMIC_NO_PIC = NO;
				GCC_NO_COMMON_BLOCKS = YES;
				GCC_OPTIMIZATION_LEVEL = 0;
				GCC_PREPROCESSOR_DEFINITIONS = (
					"DEBUG=1",
					"$(inherited)",
				);
				GCC_WARN_64_TO_32_BIT_CONVERSION = YES;
				GCC_WARN_ABOUT_RETURN_TYPE = YES_ERROR;
				GCC_WARN_UNDECLARED_SELECTOR = YES;
				GCC_WARN_UNINITIALIZED_AUTOS = YES_AGGRESSIVE;
				GCC_WARN_UNUSED_FUNCTION = YES;
				GCC_WARN_UNUSED_VARIABLE = YES;
				IPHONEOS_DEPLOYMENT_TARGET = 14.4;
				MTL_ENABLE_DEBUG_INFO = INCLUDE_SOURCE;
				MTL_FAST_MATH = YES;
				ONLY_ACTIVE_ARCH = YES;
				SDKROOT = iphoneos;
				SWIFT_ACTIVE_COMPILATION_CONDITIONS = DEBUG;
				SWIFT_OPTIMIZATION_LEVEL = "-Onone";
			};
			name = Debug;
		};
		1C28A7C3262E7D9F0036951E /* Release */ = {
			isa = XCBuildConfiguration;
			buildSettings = {
				ALWAYS_SEARCH_USER_PATHS = NO;
				CLANG_ANALYZER_NONNULL = YES;
				CLANG_ANALYZER_NUMBER_OBJECT_CONVERSION = YES_AGGRESSIVE;
				CLANG_CXX_LANGUAGE_STANDARD = "gnu++14";
				CLANG_CXX_LIBRARY = "libc++";
				CLANG_ENABLE_MODULES = YES;
				CLANG_ENABLE_OBJC_ARC = YES;
				CLANG_ENABLE_OBJC_WEAK = YES;
				CLANG_WARN_BLOCK_CAPTURE_AUTORELEASING = YES;
				CLANG_WARN_BOOL_CONVERSION = YES;
				CLANG_WARN_COMMA = YES;
				CLANG_WARN_CONSTANT_CONVERSION = YES;
				CLANG_WARN_DEPRECATED_OBJC_IMPLEMENTATIONS = YES;
				CLANG_WARN_DIRECT_OBJC_ISA_USAGE = YES_ERROR;
				CLANG_WARN_DOCUMENTATION_COMMENTS = YES;
				CLANG_WARN_EMPTY_BODY = YES;
				CLANG_WARN_ENUM_CONVERSION = YES;
				CLANG_WARN_INFINITE_RECURSION = YES;
				CLANG_WARN_INT_CONVERSION = YES;
				CLANG_WARN_NON_LITERAL_NULL_CONVERSION = YES;
				CLANG_WARN_OBJC_IMPLICIT_RETAIN_SELF = YES;
				CLANG_WARN_OBJC_LITERAL_CONVERSION = YES;
				CLANG_WARN_OBJC_ROOT_CLASS = YES_ERROR;
				CLANG_WARN_QUOTED_INCLUDE_IN_FRAMEWORK_HEADER = YES;
				CLANG_WARN_RANGE_LOOP_ANALYSIS = YES;
				CLANG_WARN_STRICT_PROTOTYPES = YES;
				CLANG_WARN_SUSPICIOUS_MOVE = YES;
				CLANG_WARN_UNGUARDED_AVAILABILITY = YES_AGGRESSIVE;
				CLANG_WARN_UNREACHABLE_CODE = YES;
				CLANG_WARN__DUPLICATE_METHOD_MATCH = YES;
				COPY_PHASE_STRIP = NO;
				DEBUG_INFORMATION_FORMAT = "dwarf-with-dsym";
				ENABLE_NS_ASSERTIONS = NO;
				ENABLE_STRICT_OBJC_MSGSEND = YES;
				GCC_C_LANGUAGE_STANDARD = gnu11;
				GCC_NO_COMMON_BLOCKS = YES;
				GCC_WARN_64_TO_32_BIT_CONVERSION = YES;
				GCC_WARN_ABOUT_RETURN_TYPE = YES_ERROR;
				GCC_WARN_UNDECLARED_SELECTOR = YES;
				GCC_WARN_UNINITIALIZED_AUTOS = YES_AGGRESSIVE;
				GCC_WARN_UNUSED_FUNCTION = YES;
				GCC_WARN_UNUSED_VARIABLE = YES;
				IPHONEOS_DEPLOYMENT_TARGET = 14.4;
				MTL_ENABLE_DEBUG_INFO = NO;
				MTL_FAST_MATH = YES;
				SDKROOT = iphoneos;
				SWIFT_COMPILATION_MODE = wholemodule;
				SWIFT_OPTIMIZATION_LEVEL = "-O";
				VALIDATE_PRODUCT = YES;
			};
			name = Release;
		};
		1C28A7C5262E7D9F0036951E /* Debug */ = {
			isa = XCBuildConfiguration;
			buildSettings = {
				ASSETCATALOG_COMPILER_APPICON_NAME = AppIcon;
				ASSETCATALOG_COMPILER_GLOBAL_ACCENT_COLOR_NAME = AccentColor;
				CODE_SIGN_STYLE = Automatic;
				DEVELOPMENT_TEAM = 556LZQ7WUH;
				INFOPLIST_FILE = "SwiftUIKit-Example/SupportFiles/Info.plist";
				LD_RUNPATH_SEARCH_PATHS = (
					"$(inherited)",
					"@executable_path/Frameworks",
				);
				PRODUCT_BUNDLE_IDENTIFIER = com.misshypocrite.swiftuikit.example;
				PRODUCT_NAME = "$(TARGET_NAME)";
				SWIFT_VERSION = 5.0;
				TARGETED_DEVICE_FAMILY = "1,2";
			};
			name = Debug;
		};
		1C28A7C6262E7D9F0036951E /* Release */ = {
			isa = XCBuildConfiguration;
			buildSettings = {
				ASSETCATALOG_COMPILER_APPICON_NAME = AppIcon;
				ASSETCATALOG_COMPILER_GLOBAL_ACCENT_COLOR_NAME = AccentColor;
				CODE_SIGN_STYLE = Automatic;
				DEVELOPMENT_TEAM = 556LZQ7WUH;
				INFOPLIST_FILE = "SwiftUIKit-Example/SupportFiles/Info.plist";
				LD_RUNPATH_SEARCH_PATHS = (
					"$(inherited)",
					"@executable_path/Frameworks",
				);
				PRODUCT_BUNDLE_IDENTIFIER = com.misshypocrite.swiftuikit.example;
				PRODUCT_NAME = "$(TARGET_NAME)";
				SWIFT_VERSION = 5.0;
				TARGETED_DEVICE_FAMILY = "1,2";
			};
			name = Release;
		};
/* End XCBuildConfiguration section */

/* Begin XCConfigurationList section */
		1C28A7AB262E7D9D0036951E /* Build configuration list for PBXProject "SwiftUIKit-Example" */ = {
			isa = XCConfigurationList;
			buildConfigurations = (
				1C28A7C2262E7D9F0036951E /* Debug */,
				1C28A7C3262E7D9F0036951E /* Release */,
			);
			defaultConfigurationIsVisible = 0;
			defaultConfigurationName = Release;
		};
		1C28A7C4262E7D9F0036951E /* Build configuration list for PBXNativeTarget "SwiftUIKit-Example" */ = {
			isa = XCConfigurationList;
			buildConfigurations = (
				1C28A7C5262E7D9F0036951E /* Debug */,
				1C28A7C6262E7D9F0036951E /* Release */,
			);
			defaultConfigurationIsVisible = 0;
			defaultConfigurationName = Release;
		};
/* End XCConfigurationList section */
	};
	rootObject = 1C28A7A8262E7D9D0036951E /* Project object */;
}
