// !$*UTF8*$!
{
	archiveVersion = 1;
	classes = {
	};
	objectVersion = 50;
	objects = {

/* Begin PBXBuildFile section */
		1C28A7A1262D980E0036951E /* Anchorable.swift in Sources */ = {isa = PBXBuildFile; fileRef = 1C28A7A0262D980E0036951E /* Anchorable.swift */; };
		1C28A7EE262E80D20036951E /* Anchorable.swift in Sources */ = {isa = PBXBuildFile; fileRef = 1C28A7A0262D980E0036951E /* Anchorable.swift */; };
		1C28A803262E81750036951E /* Style.swift in Sources */ = {isa = PBXBuildFile; fileRef = 1C28A802262E81750036951E /* Style.swift */; };
		1C28A828262E85D90036951E /* Length.swift in Sources */ = {isa = PBXBuildFile; fileRef = 1C28A827262E85D90036951E /* Length.swift */; };
		1C28A829262E85D90036951E /* Length.swift in Sources */ = {isa = PBXBuildFile; fileRef = 1C28A827262E85D90036951E /* Length.swift */; };
		1C28A82F262E898E0036951E /* ViewNode.swift in Sources */ = {isa = PBXBuildFile; fileRef = 1C28A82E262E898E0036951E /* ViewNode.swift */; };
		1C28A830262E898E0036951E /* ViewNode.swift in Sources */ = {isa = PBXBuildFile; fileRef = 1C28A82E262E898E0036951E /* ViewNode.swift */; };
		1C28A835262E89D80036951E /* LayoutBag.swift in Sources */ = {isa = PBXBuildFile; fileRef = 1C28A834262E89D80036951E /* LayoutBag.swift */; };
		1C28A836262E89D90036951E /* LayoutBag.swift in Sources */ = {isa = PBXBuildFile; fileRef = 1C28A834262E89D80036951E /* LayoutBag.swift */; };
		1C28A83C262E93840036951E /* View.swift in Sources */ = {isa = PBXBuildFile; fileRef = 1C28A83B262E93840036951E /* View.swift */; };
		1C28A83D262E93840036951E /* View.swift in Sources */ = {isa = PBXBuildFile; fileRef = 1C28A83B262E93840036951E /* View.swift */; };
		1C28A84E262EB5E40036951E /* LayoutFunction.swift in Sources */ = {isa = PBXBuildFile; fileRef = 1C28A84D262EB5E40036951E /* LayoutFunction.swift */; };
		1C28A84F262EB5E40036951E /* LayoutFunction.swift in Sources */ = {isa = PBXBuildFile; fileRef = 1C28A84D262EB5E40036951E /* LayoutFunction.swift */; };
		1C28A853262EBE070036951E /* Layout.swift in Sources */ = {isa = PBXBuildFile; fileRef = 1C28A852262EBE070036951E /* Layout.swift */; };
		1C28A854262EBE070036951E /* Layout.swift in Sources */ = {isa = PBXBuildFile; fileRef = 1C28A852262EBE070036951E /* Layout.swift */; };
		1C28A85C262EE63E0036951E /* SwiftUIKit+UIKit.swift in Sources */ = {isa = PBXBuildFile; fileRef = 1C28A85B262EE63E0036951E /* SwiftUIKit+UIKit.swift */; };
		1C28A85D262EE63E0036951E /* SwiftUIKit+UIKit.swift in Sources */ = {isa = PBXBuildFile; fileRef = 1C28A85B262EE63E0036951E /* SwiftUIKit+UIKit.swift */; };
		1C28A86126311A460036951E /* TraitQueryLayoutSet.swift in Sources */ = {isa = PBXBuildFile; fileRef = 1C28A86026311A460036951E /* TraitQueryLayoutSet.swift */; };
		1C28A86226311A460036951E /* TraitQueryLayoutSet.swift in Sources */ = {isa = PBXBuildFile; fileRef = 1C28A86026311A460036951E /* TraitQueryLayoutSet.swift */; };
		1C28A86626311B140036951E /* WindowTraitCollection.swift in Sources */ = {isa = PBXBuildFile; fileRef = 1C28A86526311B140036951E /* WindowTraitCollection.swift */; };
		1C28A86726311B140036951E /* WindowTraitCollection.swift in Sources */ = {isa = PBXBuildFile; fileRef = 1C28A86526311B140036951E /* WindowTraitCollection.swift */; };
		1C28A86C26311DF30036951E /* UI.swift in Sources */ = {isa = PBXBuildFile; fileRef = 1C28A86B26311DF30036951E /* UI.swift */; };
		1C28A86D26311DF30036951E /* UI.swift in Sources */ = {isa = PBXBuildFile; fileRef = 1C28A86B26311DF30036951E /* UI.swift */; };
		1C28A87126311E0E0036951E /* UI-View.swift in Sources */ = {isa = PBXBuildFile; fileRef = 1C28A87026311E0E0036951E /* UI-View.swift */; };
		1C28A87A26311F030036951E /* UI-Window.swift in Sources */ = {isa = PBXBuildFile; fileRef = 1C28A87926311F030036951E /* UI-Window.swift */; };
		1C28A87B26311F040036951E /* UI-Window.swift in Sources */ = {isa = PBXBuildFile; fileRef = 1C28A87926311F030036951E /* UI-Window.swift */; };
		1C28A87F26311F4C0036951E /* UI-ViewController.swift in Sources */ = {isa = PBXBuildFile; fileRef = 1C28A87E26311F4C0036951E /* UI-ViewController.swift */; };
		1C28A88626311FDD0036951E /* UI-TextField.swift in Sources */ = {isa = PBXBuildFile; fileRef = 1C28A88526311FDD0036951E /* UI-TextField.swift */; };
		1C28A88B2631201D0036951E /* UI-TableViewCell.swift in Sources */ = {isa = PBXBuildFile; fileRef = 1C28A88A2631201D0036951E /* UI-TableViewCell.swift */; };
		1C28A8902631206B0036951E /* UI-Label.swift in Sources */ = {isa = PBXBuildFile; fileRef = 1C28A88F2631206B0036951E /* UI-Label.swift */; };
		1C28A895263120A80036951E /* UI-ImageView.swift in Sources */ = {isa = PBXBuildFile; fileRef = 1C28A894263120A80036951E /* UI-ImageView.swift */; };
		1C28A89A263121050036951E /* UI-Control.swift in Sources */ = {isa = PBXBuildFile; fileRef = 1C28A899263121050036951E /* UI-Control.swift */; };
		1C28A89F263121440036951E /* UI-CollectionViewCell.swift in Sources */ = {isa = PBXBuildFile; fileRef = 1C28A89E263121440036951E /* UI-CollectionViewCell.swift */; };
		1C28A8A42631218A0036951E /* UI-Button.swift in Sources */ = {isa = PBXBuildFile; fileRef = 1C28A8A32631218A0036951E /* UI-Button.swift */; };
		1C28A8AA2631223E0036951E /* LayoutBuilder.swift in Sources */ = {isa = PBXBuildFile; fileRef = 1C28A8A92631223E0036951E /* LayoutBuilder.swift */; };
		1C28A8AF263122710036951E /* StackViewProtocol.swift in Sources */ = {isa = PBXBuildFile; fileRef = 1C28A8AE263122710036951E /* StackViewProtocol.swift */; };
		1C28A8B4263122EA0036951E /* StackView.swift in Sources */ = {isa = PBXBuildFile; fileRef = 1C28A8B3263122EA0036951E /* StackView.swift */; };
		1C28A8B9263123400036951E /* HStackView.swift in Sources */ = {isa = PBXBuildFile; fileRef = 1C28A8B8263123400036951E /* HStackView.swift */; };
		1C28A8BE2631238B0036951E /* ZStackView.swift in Sources */ = {isa = PBXBuildFile; fileRef = 1C28A8BD2631238B0036951E /* ZStackView.swift */; };
		1C28A8C3263123F00036951E /* ForEach.swift in Sources */ = {isa = PBXBuildFile; fileRef = 1C28A8C2263123F00036951E /* ForEach.swift */; };
		1C28A8D7263128FD0036951E /* DeclarativeExtension.swift in Sources */ = {isa = PBXBuildFile; fileRef = 1C28A8D6263128FD0036951E /* DeclarativeExtension.swift */; };
		1C28A8E1263151700036951E /* UIView+Style.swift in Sources */ = {isa = PBXBuildFile; fileRef = 1C28A8E0263151700036951E /* UIView+Style.swift */; };
		1C28A8EE263169AA0036951E /* UIView+Dx.swift in Sources */ = {isa = PBXBuildFile; fileRef = 1C28A8ED263169AA0036951E /* UIView+Dx.swift */; };
		1C9C858C263A5FA7009450DD /* SectionList.swift in Sources */ = {isa = PBXBuildFile; fileRef = 1C9C858B263A5FA7009450DD /* SectionList.swift */; };
		ACEE84032636F542004BB644 /* ListView.swift in Sources */ = {isa = PBXBuildFile; fileRef = ACEE84022636F542004BB644 /* ListView.swift */; };
/* End PBXBuildFile section */

/* Begin PBXFileReference section */
		1C28A78F262D8AAE0036951E /* SwiftUIKit.framework */ = {isa = PBXFileReference; explicitFileType = wrapper.framework; includeInIndex = 0; path = SwiftUIKit.framework; sourceTree = BUILT_PRODUCTS_DIR; };
		1C28A793262D8AAE0036951E /* Info.plist */ = {isa = PBXFileReference; lastKnownFileType = text.plist.xml; path = Info.plist; sourceTree = "<group>"; };
		1C28A7A0262D980E0036951E /* Anchorable.swift */ = {isa = PBXFileReference; lastKnownFileType = sourcecode.swift; path = Anchorable.swift; sourceTree = "<group>"; };
		1C28A7F4262E80D20036951E /* SwiftUIKitCore.framework */ = {isa = PBXFileReference; explicitFileType = wrapper.framework; includeInIndex = 0; path = SwiftUIKitCore.framework; sourceTree = BUILT_PRODUCTS_DIR; };
		1C28A802262E81750036951E /* Style.swift */ = {isa = PBXFileReference; lastKnownFileType = sourcecode.swift; path = Style.swift; sourceTree = "<group>"; };
		1C28A827262E85D90036951E /* Length.swift */ = {isa = PBXFileReference; lastKnownFileType = sourcecode.swift; path = Length.swift; sourceTree = "<group>"; };
		1C28A82E262E898E0036951E /* ViewNode.swift */ = {isa = PBXFileReference; lastKnownFileType = sourcecode.swift; path = ViewNode.swift; sourceTree = "<group>"; };
		1C28A834262E89D80036951E /* LayoutBag.swift */ = {isa = PBXFileReference; lastKnownFileType = sourcecode.swift; path = LayoutBag.swift; sourceTree = "<group>"; };
		1C28A83B262E93840036951E /* View.swift */ = {isa = PBXFileReference; lastKnownFileType = sourcecode.swift; path = View.swift; sourceTree = "<group>"; };
		1C28A84D262EB5E40036951E /* LayoutFunction.swift */ = {isa = PBXFileReference; lastKnownFileType = sourcecode.swift; path = LayoutFunction.swift; sourceTree = "<group>"; };
		1C28A852262EBE070036951E /* Layout.swift */ = {isa = PBXFileReference; lastKnownFileType = sourcecode.swift; path = Layout.swift; sourceTree = "<group>"; };
		1C28A85B262EE63E0036951E /* SwiftUIKit+UIKit.swift */ = {isa = PBXFileReference; lastKnownFileType = sourcecode.swift; path = "SwiftUIKit+UIKit.swift"; sourceTree = "<group>"; };
		1C28A86026311A460036951E /* TraitQueryLayoutSet.swift */ = {isa = PBXFileReference; lastKnownFileType = sourcecode.swift; path = TraitQueryLayoutSet.swift; sourceTree = "<group>"; };
		1C28A86526311B140036951E /* WindowTraitCollection.swift */ = {isa = PBXFileReference; lastKnownFileType = sourcecode.swift; path = WindowTraitCollection.swift; sourceTree = "<group>"; };
		1C28A86B26311DF30036951E /* UI.swift */ = {isa = PBXFileReference; lastKnownFileType = sourcecode.swift; path = UI.swift; sourceTree = "<group>"; };
		1C28A87026311E0E0036951E /* UI-View.swift */ = {isa = PBXFileReference; lastKnownFileType = sourcecode.swift; path = "UI-View.swift"; sourceTree = "<group>"; };
		1C28A87926311F030036951E /* UI-Window.swift */ = {isa = PBXFileReference; lastKnownFileType = sourcecode.swift; path = "UI-Window.swift"; sourceTree = "<group>"; };
		1C28A87E26311F4C0036951E /* UI-ViewController.swift */ = {isa = PBXFileReference; lastKnownFileType = sourcecode.swift; path = "UI-ViewController.swift"; sourceTree = "<group>"; };
		1C28A88526311FDD0036951E /* UI-TextField.swift */ = {isa = PBXFileReference; lastKnownFileType = sourcecode.swift; path = "UI-TextField.swift"; sourceTree = "<group>"; };
		1C28A88A2631201D0036951E /* UI-TableViewCell.swift */ = {isa = PBXFileReference; lastKnownFileType = sourcecode.swift; path = "UI-TableViewCell.swift"; sourceTree = "<group>"; };
		1C28A88F2631206B0036951E /* UI-Label.swift */ = {isa = PBXFileReference; lastKnownFileType = sourcecode.swift; path = "UI-Label.swift"; sourceTree = "<group>"; };
		1C28A894263120A80036951E /* UI-ImageView.swift */ = {isa = PBXFileReference; lastKnownFileType = sourcecode.swift; path = "UI-ImageView.swift"; sourceTree = "<group>"; };
		1C28A899263121050036951E /* UI-Control.swift */ = {isa = PBXFileReference; lastKnownFileType = sourcecode.swift; path = "UI-Control.swift"; sourceTree = "<group>"; };
		1C28A89E263121440036951E /* UI-CollectionViewCell.swift */ = {isa = PBXFileReference; lastKnownFileType = sourcecode.swift; path = "UI-CollectionViewCell.swift"; sourceTree = "<group>"; };
		1C28A8A32631218A0036951E /* UI-Button.swift */ = {isa = PBXFileReference; lastKnownFileType = sourcecode.swift; path = "UI-Button.swift"; sourceTree = "<group>"; };
		1C28A8A92631223E0036951E /* LayoutBuilder.swift */ = {isa = PBXFileReference; lastKnownFileType = sourcecode.swift; path = LayoutBuilder.swift; sourceTree = "<group>"; };
		1C28A8AE263122710036951E /* StackViewProtocol.swift */ = {isa = PBXFileReference; lastKnownFileType = sourcecode.swift; path = StackViewProtocol.swift; sourceTree = "<group>"; };
		1C28A8B3263122EA0036951E /* StackView.swift */ = {isa = PBXFileReference; lastKnownFileType = sourcecode.swift; path = StackView.swift; sourceTree = "<group>"; };
		1C28A8B8263123400036951E /* HStackView.swift */ = {isa = PBXFileReference; lastKnownFileType = sourcecode.swift; path = HStackView.swift; sourceTree = "<group>"; };
		1C28A8BD2631238B0036951E /* ZStackView.swift */ = {isa = PBXFileReference; lastKnownFileType = sourcecode.swift; path = ZStackView.swift; sourceTree = "<group>"; };
		1C28A8C2263123F00036951E /* ForEach.swift */ = {isa = PBXFileReference; lastKnownFileType = sourcecode.swift; path = ForEach.swift; sourceTree = "<group>"; };
		1C28A8D6263128FD0036951E /* DeclarativeExtension.swift */ = {isa = PBXFileReference; lastKnownFileType = sourcecode.swift; path = DeclarativeExtension.swift; sourceTree = "<group>"; };
		1C28A8E0263151700036951E /* UIView+Style.swift */ = {isa = PBXFileReference; lastKnownFileType = sourcecode.swift; path = "UIView+Style.swift"; sourceTree = "<group>"; };
		1C28A8ED263169AA0036951E /* UIView+Dx.swift */ = {isa = PBXFileReference; lastKnownFileType = sourcecode.swift; path = "UIView+Dx.swift"; sourceTree = "<group>"; };
		1C9C858B263A5FA7009450DD /* SectionList.swift */ = {isa = PBXFileReference; lastKnownFileType = sourcecode.swift; path = SectionList.swift; sourceTree = "<group>"; };
		ACEE84022636F542004BB644 /* ListView.swift */ = {isa = PBXFileReference; lastKnownFileType = sourcecode.swift; path = ListView.swift; sourceTree = "<group>"; };
/* End PBXFileReference section */

/* Begin PBXFrameworksBuildPhase section */
		1C28A78C262D8AAE0036951E /* Frameworks */ = {
			isa = PBXFrameworksBuildPhase;
			buildActionMask = 2147483647;
			files = (
			);
			runOnlyForDeploymentPostprocessing = 0;
		};
		1C28A7EF262E80D20036951E /* Frameworks */ = {
			isa = PBXFrameworksBuildPhase;
			buildActionMask = 2147483647;
			files = (
			);
			runOnlyForDeploymentPostprocessing = 0;
		};
/* End PBXFrameworksBuildPhase section */

/* Begin PBXGroup section */
		1C28A785262D8AAE0036951E = {
			isa = PBXGroup;
			children = (
				1C28A791262D8AAE0036951E /* SwiftUIKit */,
				1C28A790262D8AAE0036951E /* Products */,
			);
			sourceTree = "<group>";
		};
		1C28A790262D8AAE0036951E /* Products */ = {
			isa = PBXGroup;
			children = (
				1C28A78F262D8AAE0036951E /* SwiftUIKit.framework */,
				1C28A7F4262E80D20036951E /* SwiftUIKitCore.framework */,
			);
			name = Products;
			sourceTree = "<group>";
		};
		1C28A791262D8AAE0036951E /* SwiftUIKit */ = {
			isa = PBXGroup;
			children = (
				1C28A79E262D8BAB0036951E /* DeclarativeExtension */,
				1C28A79D262D8B940036951E /* Core */,
				1C28A793262D8AAE0036951E /* Info.plist */,
			);
			path = SwiftUIKit;
			sourceTree = "<group>";
		};
		1C28A79D262D8B940036951E /* Core */ = {
			isa = PBXGroup;
			children = (
				1C28A86A26311D8D0036951E /* UIKitConvenient */,
				1C28A7A0262D980E0036951E /* Anchorable.swift */,
				1C28A827262E85D90036951E /* Length.swift */,
				1C28A82E262E898E0036951E /* ViewNode.swift */,
				1C28A834262E89D80036951E /* LayoutBag.swift */,
				1C28A83B262E93840036951E /* View.swift */,
				1C28A84D262EB5E40036951E /* LayoutFunction.swift */,
				1C28A852262EBE070036951E /* Layout.swift */,
				1C28A85B262EE63E0036951E /* SwiftUIKit+UIKit.swift */,
				1C28A86026311A460036951E /* TraitQueryLayoutSet.swift */,
				1C28A86526311B140036951E /* WindowTraitCollection.swift */,
			);
			path = Core;
			sourceTree = "<group>";
		};
		1C28A79E262D8BAB0036951E /* DeclarativeExtension */ = {
			isa = PBXGroup;
			children = (
				1C28A9142632DDB00036951E /* UI */,
				1C28A8C72631242C0036951E /* Styles */,
				1C28A8A8263122250036951E /* Views */,
				1C28A8D6263128FD0036951E /* DeclarativeExtension.swift */,
				1C28A8ED263169AA0036951E /* UIView+Dx.swift */,
			);
			path = DeclarativeExtension;
			sourceTree = "<group>";
		};
		1C28A86A26311D8D0036951E /* UIKitConvenient */ = {
			isa = PBXGroup;
			children = (
				1C28A86B26311DF30036951E /* UI.swift */,
				1C28A87926311F030036951E /* UI-Window.swift */,
			);
			path = UIKitConvenient;
			sourceTree = "<group>";
		};
		1C28A8A8263122250036951E /* Views */ = {
			isa = PBXGroup;
			children = (
				1C28A8A92631223E0036951E /* LayoutBuilder.swift */,
				1C28A8AE263122710036951E /* StackViewProtocol.swift */,
				1C28A8B3263122EA0036951E /* StackView.swift */,
				1C28A8B8263123400036951E /* HStackView.swift */,
				1C28A8BD2631238B0036951E /* ZStackView.swift */,
				1C28A8C2263123F00036951E /* ForEach.swift */,
				ACEE84022636F542004BB644 /* ListView.swift */,
				1C9C858B263A5FA7009450DD /* SectionList.swift */,
			);
			path = Views;
			sourceTree = "<group>";
		};
		1C28A8C72631242C0036951E /* Styles */ = {
			isa = PBXGroup;
			children = (
				1C28A802262E81750036951E /* Style.swift */,
				1C28A8E0263151700036951E /* UIView+Style.swift */,
			);
			path = Styles;
			sourceTree = "<group>";
		};
		1C28A9142632DDB00036951E /* UI */ = {
			isa = PBXGroup;
			children = (
				1C28A88526311FDD0036951E /* UI-TextField.swift */,
				1C28A88A2631201D0036951E /* UI-TableViewCell.swift */,
				1C28A88F2631206B0036951E /* UI-Label.swift */,
				1C28A894263120A80036951E /* UI-ImageView.swift */,
				1C28A899263121050036951E /* UI-Control.swift */,
				1C28A89E263121440036951E /* UI-CollectionViewCell.swift */,
				1C28A8A32631218A0036951E /* UI-Button.swift */,
				1C28A87026311E0E0036951E /* UI-View.swift */,
				1C28A87E26311F4C0036951E /* UI-ViewController.swift */,
			);
			path = UI;
			sourceTree = "<group>";
		};
/* End PBXGroup section */

/* Begin PBXHeadersBuildPhase section */
		1C28A78A262D8AAE0036951E /* Headers */ = {
			isa = PBXHeadersBuildPhase;
			buildActionMask = 2147483647;
			files = (
			);
			runOnlyForDeploymentPostprocessing = 0;
		};
		1C28A7EB262E80D20036951E /* Headers */ = {
			isa = PBXHeadersBuildPhase;
			buildActionMask = 2147483647;
			files = (
			);
			runOnlyForDeploymentPostprocessing = 0;
		};
/* End PBXHeadersBuildPhase section */

/* Begin PBXNativeTarget section */
		1C28A78E262D8AAE0036951E /* SwiftUIKit */ = {
			isa = PBXNativeTarget;
			buildConfigurationList = 1C28A797262D8AAE0036951E /* Build configuration list for PBXNativeTarget "SwiftUIKit" */;
			buildPhases = (
				1C28A78A262D8AAE0036951E /* Headers */,
				1C28A78B262D8AAE0036951E /* Sources */,
				1C28A78C262D8AAE0036951E /* Frameworks */,
				1C28A78D262D8AAE0036951E /* Resources */,
			);
			buildRules = (
			);
			dependencies = (
			);
			name = SwiftUIKit;
			productName = SwiftUIKit;
			productReference = 1C28A78F262D8AAE0036951E /* SwiftUIKit.framework */;
			productType = "com.apple.product-type.framework";
		};
		1C28A7EA262E80D20036951E /* SwiftUIKitCore */ = {
			isa = PBXNativeTarget;
			buildConfigurationList = 1C28A7F1262E80D20036951E /* Build configuration list for PBXNativeTarget "SwiftUIKitCore" */;
			buildPhases = (
				1C28A7EB262E80D20036951E /* Headers */,
				1C28A7EC262E80D20036951E /* Sources */,
				1C28A7EF262E80D20036951E /* Frameworks */,
				1C28A7F0262E80D20036951E /* Resources */,
			);
			buildRules = (
			);
			dependencies = (
			);
			name = SwiftUIKitCore;
			productName = SwiftUIKit;
			productReference = 1C28A7F4262E80D20036951E /* SwiftUIKitCore.framework */;
			productType = "com.apple.product-type.framework";
		};
/* End PBXNativeTarget section */

/* Begin PBXProject section */
		1C28A786262D8AAE0036951E /* Project object */ = {
			isa = PBXProject;
			attributes = {
				LastUpgradeCheck = 1240;
				TargetAttributes = {
					1C28A78E262D8AAE0036951E = {
						CreatedOnToolsVersion = 12.4;
						LastSwiftMigration = 1240;
					};
				};
			};
			buildConfigurationList = 1C28A789262D8AAE0036951E /* Build configuration list for PBXProject "SwiftUIKit" */;
			compatibilityVersion = "Xcode 9.3";
			developmentRegion = en;
			hasScannedForEncodings = 0;
			knownRegions = (
				en,
				Base,
			);
			mainGroup = 1C28A785262D8AAE0036951E;
			productRefGroup = 1C28A790262D8AAE0036951E /* Products */;
			projectDirPath = "";
			projectRoot = "";
			targets = (
				1C28A78E262D8AAE0036951E /* SwiftUIKit */,
				1C28A7EA262E80D20036951E /* SwiftUIKitCore */,
			);
		};
/* End PBXProject section */

/* Begin PBXResourcesBuildPhase section */
		1C28A78D262D8AAE0036951E /* Resources */ = {
			isa = PBXResourcesBuildPhase;
			buildActionMask = 2147483647;
			files = (
			);
			runOnlyForDeploymentPostprocessing = 0;
		};
		1C28A7F0262E80D20036951E /* Resources */ = {
			isa = PBXResourcesBuildPhase;
			buildActionMask = 2147483647;
			files = (
			);
			runOnlyForDeploymentPostprocessing = 0;
		};
/* End PBXResourcesBuildPhase section */

/* Begin PBXSourcesBuildPhase section */
		1C28A78B262D8AAE0036951E /* Sources */ = {
			isa = PBXSourcesBuildPhase;
			buildActionMask = 2147483647;
			files = (
				ACEE84032636F542004BB644 /* ListView.swift in Sources */,
				1C28A86126311A460036951E /* TraitQueryLayoutSet.swift in Sources */,
				1C28A89F263121440036951E /* UI-CollectionViewCell.swift in Sources */,
				1C28A88B2631201D0036951E /* UI-TableViewCell.swift in Sources */,
				1C28A8A42631218A0036951E /* UI-Button.swift in Sources */,
				1C28A88626311FDD0036951E /* UI-TextField.swift in Sources */,
				1C28A8AF263122710036951E /* StackViewProtocol.swift in Sources */,
				1C28A828262E85D90036951E /* Length.swift in Sources */,
				1C28A835262E89D80036951E /* LayoutBag.swift in Sources */,
				1C9C858C263A5FA7009450DD /* SectionList.swift in Sources */,
				1C28A8B4263122EA0036951E /* StackView.swift in Sources */,
				1C28A87126311E0E0036951E /* UI-View.swift in Sources */,
				1C28A85C262EE63E0036951E /* SwiftUIKit+UIKit.swift in Sources */,
				1C28A83C262E93840036951E /* View.swift in Sources */,
				1C28A8C3263123F00036951E /* ForEach.swift in Sources */,
				1C28A8B9263123400036951E /* HStackView.swift in Sources */,
				1C28A895263120A80036951E /* UI-ImageView.swift in Sources */,
				1C28A8902631206B0036951E /* UI-Label.swift in Sources */,
				1C28A86C26311DF30036951E /* UI.swift in Sources */,
				1C28A89A263121050036951E /* UI-Control.swift in Sources */,
				1C28A803262E81750036951E /* Style.swift in Sources */,
				1C28A82F262E898E0036951E /* ViewNode.swift in Sources */,
				1C28A8D7263128FD0036951E /* DeclarativeExtension.swift in Sources */,
				1C28A87F26311F4C0036951E /* UI-ViewController.swift in Sources */,
				1C28A87A26311F030036951E /* UI-Window.swift in Sources */,
				1C28A853262EBE070036951E /* Layout.swift in Sources */,
				1C28A8E1263151700036951E /* UIView+Style.swift in Sources */,
				1C28A84E262EB5E40036951E /* LayoutFunction.swift in Sources */,
				1C28A8BE2631238B0036951E /* ZStackView.swift in Sources */,
				1C28A86626311B140036951E /* WindowTraitCollection.swift in Sources */,
				1C28A7A1262D980E0036951E /* Anchorable.swift in Sources */,
				1C28A8AA2631223E0036951E /* LayoutBuilder.swift in Sources */,
				1C28A8EE263169AA0036951E /* UIView+Dx.swift in Sources */,
			);
			runOnlyForDeploymentPostprocessing = 0;
		};
		1C28A7EC262E80D20036951E /* Sources */ = {
			isa = PBXSourcesBuildPhase;
			buildActionMask = 2147483647;
			files = (
				1C28A86726311B140036951E /* WindowTraitCollection.swift in Sources */,
				1C28A829262E85D90036951E /* Length.swift in Sources */,
				1C28A830262E898E0036951E /* ViewNode.swift in Sources */,
				1C28A83D262E93840036951E /* View.swift in Sources */,
				1C28A84F262EB5E40036951E /* LayoutFunction.swift in Sources */,
				1C28A86226311A460036951E /* TraitQueryLayoutSet.swift in Sources */,
				1C28A854262EBE070036951E /* Layout.swift in Sources */,
				1C28A85D262EE63E0036951E /* SwiftUIKit+UIKit.swift in Sources */,
				1C28A87B26311F040036951E /* UI-Window.swift in Sources */,
				1C28A86D26311DF30036951E /* UI.swift in Sources */,
				1C28A836262E89D90036951E /* LayoutBag.swift in Sources */,
				1C28A7EE262E80D20036951E /* Anchorable.swift in Sources */,
			);
			runOnlyForDeploymentPostprocessing = 0;
		};
/* End PBXSourcesBuildPhase section */

/* Begin XCBuildConfiguration section */
		1C28A795262D8AAE0036951E /* Debug */ = {
			isa = XCBuildConfiguration;
			buildSettings = {
				ALWAYS_SEARCH_USER_PATHS = NO;
				CLANG_ANALYZER_NONNULL = YES;
				CLANG_ANALYZER_NUMBER_OBJECT_CONVERSION = YES_AGGRESSIVE;
				CLANG_CXX_LANGUAGE_STANDARD = "gnu++14";
				CLANG_CXX_LIBRARY = "libc++";
				CLANG_ENABLE_MODULES = YES;
				CLANG_ENABLE_OBJC_ARC = YES;
				CLANG_ENABLE_OBJC_WEAK = YES;
				CLANG_WARN_BLOCK_CAPTURE_AUTORELEASING = YES;
				CLANG_WARN_BOOL_CONVERSION = YES;
				CLANG_WARN_COMMA = YES;
				CLANG_WARN_CONSTANT_CONVERSION = YES;
				CLANG_WARN_DEPRECATED_OBJC_IMPLEMENTATIONS = YES;
				CLANG_WARN_DIRECT_OBJC_ISA_USAGE = YES_ERROR;
				CLANG_WARN_DOCUMENTATION_COMMENTS = YES;
				CLANG_WARN_EMPTY_BODY = YES;
				CLANG_WARN_ENUM_CONVERSION = YES;
				CLANG_WARN_INFINITE_RECURSION = YES;
				CLANG_WARN_INT_CONVERSION = YES;
				CLANG_WARN_NON_LITERAL_NULL_CONVERSION = YES;
				CLANG_WARN_OBJC_IMPLICIT_RETAIN_SELF = YES;
				CLANG_WARN_OBJC_LITERAL_CONVERSION = YES;
				CLANG_WARN_OBJC_ROOT_CLASS = YES_ERROR;
				CLANG_WARN_QUOTED_INCLUDE_IN_FRAMEWORK_HEADER = YES;
				CLANG_WARN_RANGE_LOOP_ANALYSIS = YES;
				CLANG_WARN_STRICT_PROTOTYPES = YES;
				CLANG_WARN_SUSPICIOUS_MOVE = YES;
				CLANG_WARN_UNGUARDED_AVAILABILITY = YES_AGGRESSIVE;
				CLANG_WARN_UNREACHABLE_CODE = YES;
				CLANG_WARN__DUPLICATE_METHOD_MATCH = YES;
				COPY_PHASE_STRIP = NO;
				CURRENT_PROJECT_VERSION = 1;
				DEBUG_INFORMATION_FORMAT = dwarf;
				ENABLE_STRICT_OBJC_MSGSEND = YES;
				ENABLE_TESTABILITY = YES;
				GCC_C_LANGUAGE_STANDARD = gnu11;
				GCC_DYNAMIC_NO_PIC = NO;
				GCC_NO_COMMON_BLOCKS = YES;
				GCC_OPTIMIZATION_LEVEL = 0;
				GCC_PREPROCESSOR_DEFINITIONS = (
					"DEBUG=1",
					"$(inherited)",
				);
				GCC_WARN_64_TO_32_BIT_CONVERSION = YES;
				GCC_WARN_ABOUT_RETURN_TYPE = YES_ERROR;
				GCC_WARN_UNDECLARED_SELECTOR = YES;
				GCC_WARN_UNINITIALIZED_AUTOS = YES_AGGRESSIVE;
				GCC_WARN_UNUSED_FUNCTION = YES;
				GCC_WARN_UNUSED_VARIABLE = YES;
				IPHONEOS_DEPLOYMENT_TARGET = 11.0;
				MTL_ENABLE_DEBUG_INFO = INCLUDE_SOURCE;
				MTL_FAST_MATH = YES;
				ONLY_ACTIVE_ARCH = YES;
				SDKROOT = iphoneos;
				SWIFT_ACTIVE_COMPILATION_CONDITIONS = DEBUG;
				SWIFT_OPTIMIZATION_LEVEL = "-Onone";
				VERSIONING_SYSTEM = "apple-generic";
				VERSION_INFO_PREFIX = "";
			};
			name = Debug;
		};
		1C28A796262D8AAE0036951E /* Release */ = {
			isa = XCBuildConfiguration;
			buildSettings = {
				ALWAYS_SEARCH_USER_PATHS = NO;
				CLANG_ANALYZER_NONNULL = YES;
				CLANG_ANALYZER_NUMBER_OBJECT_CONVERSION = YES_AGGRESSIVE;
				CLANG_CXX_LANGUAGE_STANDARD = "gnu++14";
				CLANG_CXX_LIBRARY = "libc++";
				CLANG_ENABLE_MODULES = YES;
				CLANG_ENABLE_OBJC_ARC = YES;
				CLANG_ENABLE_OBJC_WEAK = YES;
				CLANG_WARN_BLOCK_CAPTURE_AUTORELEASING = YES;
				CLANG_WARN_BOOL_CONVERSION = YES;
				CLANG_WARN_COMMA = YES;
				CLANG_WARN_CONSTANT_CONVERSION = YES;
				CLANG_WARN_DEPRECATED_OBJC_IMPLEMENTATIONS = YES;
				CLANG_WARN_DIRECT_OBJC_ISA_USAGE = YES_ERROR;
				CLANG_WARN_DOCUMENTATION_COMMENTS = YES;
				CLANG_WARN_EMPTY_BODY = YES;
				CLANG_WARN_ENUM_CONVERSION = YES;
				CLANG_WARN_INFINITE_RECURSION = YES;
				CLANG_WARN_INT_CONVERSION = YES;
				CLANG_WARN_NON_LITERAL_NULL_CONVERSION = YES;
				CLANG_WARN_OBJC_IMPLICIT_RETAIN_SELF = YES;
				CLANG_WARN_OBJC_LITERAL_CONVERSION = YES;
				CLANG_WARN_OBJC_ROOT_CLASS = YES_ERROR;
				CLANG_WARN_QUOTED_INCLUDE_IN_FRAMEWORK_HEADER = YES;
				CLANG_WARN_RANGE_LOOP_ANALYSIS = YES;
				CLANG_WARN_STRICT_PROTOTYPES = YES;
				CLANG_WARN_SUSPICIOUS_MOVE = YES;
				CLANG_WARN_UNGUARDED_AVAILABILITY = YES_AGGRESSIVE;
				CLANG_WARN_UNREACHABLE_CODE = YES;
				CLANG_WARN__DUPLICATE_METHOD_MATCH = YES;
				COPY_PHASE_STRIP = NO;
				CURRENT_PROJECT_VERSION = 1;
				DEBUG_INFORMATION_FORMAT = "dwarf-with-dsym";
				ENABLE_NS_ASSERTIONS = NO;
				ENABLE_STRICT_OBJC_MSGSEND = YES;
				GCC_C_LANGUAGE_STANDARD = gnu11;
				GCC_NO_COMMON_BLOCKS = YES;
				GCC_WARN_64_TO_32_BIT_CONVERSION = YES;
				GCC_WARN_ABOUT_RETURN_TYPE = YES_ERROR;
				GCC_WARN_UNDECLARED_SELECTOR = YES;
				GCC_WARN_UNINITIALIZED_AUTOS = YES_AGGRESSIVE;
				GCC_WARN_UNUSED_FUNCTION = YES;
				GCC_WARN_UNUSED_VARIABLE = YES;
				IPHONEOS_DEPLOYMENT_TARGET = 11.0;
				MTL_ENABLE_DEBUG_INFO = NO;
				MTL_FAST_MATH = YES;
				SDKROOT = iphoneos;
				SWIFT_COMPILATION_MODE = wholemodule;
				SWIFT_OPTIMIZATION_LEVEL = "-O";
				VALIDATE_PRODUCT = YES;
				VERSIONING_SYSTEM = "apple-generic";
				VERSION_INFO_PREFIX = "";
			};
			name = Release;
		};
		1C28A798262D8AAE0036951E /* Debug */ = {
			isa = XCBuildConfiguration;
			buildSettings = {
				CLANG_ENABLE_MODULES = YES;
				CODE_SIGN_STYLE = Automatic;
				DEFINES_MODULE = YES;
				DEVELOPMENT_TEAM = 556LZQ7WUH;
				DYLIB_COMPATIBILITY_VERSION = 1;
				DYLIB_CURRENT_VERSION = 1;
				DYLIB_INSTALL_NAME_BASE = "@rpath";
				INFOPLIST_FILE = SwiftUIKit/Info.plist;
				INSTALL_PATH = "$(LOCAL_LIBRARY_DIR)/Frameworks";
				IPHONEOS_DEPLOYMENT_TARGET = 11.0;
				LD_RUNPATH_SEARCH_PATHS = (
					"$(inherited)",
					"@executable_path/Frameworks",
					"@loader_path/Frameworks",
				);
				PRODUCT_BUNDLE_IDENTIFIER = com.misshypocrite.swiftuikit;
				PRODUCT_NAME = "$(TARGET_NAME:c99extidentifier)";
				SKIP_INSTALL = YES;
				SUPPORTS_MACCATALYST = NO;
				SWIFT_OPTIMIZATION_LEVEL = "-Onone";
				SWIFT_VERSION = 5.0;
				TARGETED_DEVICE_FAMILY = "1,2";
			};
			name = Debug;
		};
		1C28A799262D8AAE0036951E /* Release */ = {
			isa = XCBuildConfiguration;
			buildSettings = {
				CLANG_ENABLE_MODULES = YES;
				CODE_SIGN_STYLE = Automatic;
				DEFINES_MODULE = YES;
				DEVELOPMENT_TEAM = 556LZQ7WUH;
				DYLIB_COMPATIBILITY_VERSION = 1;
				DYLIB_CURRENT_VERSION = 1;
				DYLIB_INSTALL_NAME_BASE = "@rpath";
				INFOPLIST_FILE = SwiftUIKit/Info.plist;
				INSTALL_PATH = "$(LOCAL_LIBRARY_DIR)/Frameworks";
				IPHONEOS_DEPLOYMENT_TARGET = 11.0;
				LD_RUNPATH_SEARCH_PATHS = (
					"$(inherited)",
					"@executable_path/Frameworks",
					"@loader_path/Frameworks",
				);
				PRODUCT_BUNDLE_IDENTIFIER = com.misshypocrite.swiftuikit;
				PRODUCT_NAME = "$(TARGET_NAME:c99extidentifier)";
				SKIP_INSTALL = YES;
				SUPPORTS_MACCATALYST = NO;
				SWIFT_VERSION = 5.0;
				TARGETED_DEVICE_FAMILY = "1,2";
			};
			name = Release;
		};
		1C28A7F2262E80D20036951E /* Debug */ = {
			isa = XCBuildConfiguration;
			buildSettings = {
				CLANG_ENABLE_MODULES = YES;
				CODE_SIGN_STYLE = Automatic;
				DEFINES_MODULE = YES;
				DEVELOPMENT_TEAM = 556LZQ7WUH;
				DYLIB_COMPATIBILITY_VERSION = 1;
				DYLIB_CURRENT_VERSION = 1;
				DYLIB_INSTALL_NAME_BASE = "@rpath";
				INCLUDED_SOURCE_FILE_NAMES = "./Core/*.swift";
				INFOPLIST_FILE = SwiftUIKit/Info.plist;
				INSTALL_PATH = "$(LOCAL_LIBRARY_DIR)/Frameworks";
				IPHONEOS_DEPLOYMENT_TARGET = 11.0;
				LD_RUNPATH_SEARCH_PATHS = (
					"$(inherited)",
					"@executable_path/Frameworks",
					"@loader_path/Frameworks",
				);
				PRODUCT_BUNDLE_IDENTIFIER = com.misshypocrite.swiftuikit.core;
				PRODUCT_NAME = "$(TARGET_NAME)";
				SKIP_INSTALL = YES;
				SUPPORTS_MACCATALYST = NO;
				SWIFT_OPTIMIZATION_LEVEL = "-Onone";
				SWIFT_VERSION = 5.0;
				TARGETED_DEVICE_FAMILY = "1,2";
			};
			name = Debug;
		};
		1C28A7F3262E80D20036951E /* Release */ = {
			isa = XCBuildConfiguration;
			buildSettings = {
				CLANG_ENABLE_MODULES = YES;
				CODE_SIGN_STYLE = Automatic;
				DEFINES_MODULE = YES;
				DEVELOPMENT_TEAM = 556LZQ7WUH;
				DYLIB_COMPATIBILITY_VERSION = 1;
				DYLIB_CURRENT_VERSION = 1;
				DYLIB_INSTALL_NAME_BASE = "@rpath";
				INCLUDED_SOURCE_FILE_NAMES = "./Core/*.swift";
				INFOPLIST_FILE = SwiftUIKit/Info.plist;
				INSTALL_PATH = "$(LOCAL_LIBRARY_DIR)/Frameworks";
				IPHONEOS_DEPLOYMENT_TARGET = 11.0;
				LD_RUNPATH_SEARCH_PATHS = (
					"$(inherited)",
					"@executable_path/Frameworks",
					"@loader_path/Frameworks",
				);
				PRODUCT_BUNDLE_IDENTIFIER = com.misshypocrite.swiftuikit.core;
				PRODUCT_NAME = "$(TARGET_NAME)";
				SKIP_INSTALL = YES;
				SUPPORTS_MACCATALYST = NO;
				SWIFT_VERSION = 5.0;
				TARGETED_DEVICE_FAMILY = "1,2";
			};
			name = Release;
		};
/* End XCBuildConfiguration section */

/* Begin XCConfigurationList section */
		1C28A789262D8AAE0036951E /* Build configuration list for PBXProject "SwiftUIKit" */ = {
			isa = XCConfigurationList;
			buildConfigurations = (
				1C28A795262D8AAE0036951E /* Debug */,
				1C28A796262D8AAE0036951E /* Release */,
			);
			defaultConfigurationIsVisible = 0;
			defaultConfigurationName = Release;
		};
		1C28A797262D8AAE0036951E /* Build configuration list for PBXNativeTarget "SwiftUIKit" */ = {
			isa = XCConfigurationList;
			buildConfigurations = (
				1C28A798262D8AAE0036951E /* Debug */,
				1C28A799262D8AAE0036951E /* Release */,
			);
			defaultConfigurationIsVisible = 0;
			defaultConfigurationName = Release;
		};
		1C28A7F1262E80D20036951E /* Build configuration list for PBXNativeTarget "SwiftUIKitCore" */ = {
			isa = XCConfigurationList;
			buildConfigurations = (
				1C28A7F2262E80D20036951E /* Debug */,
				1C28A7F3262E80D20036951E /* Release */,
			);
			defaultConfigurationIsVisible = 0;
			defaultConfigurationName = Release;
		};
/* End XCConfigurationList section */
	};
	rootObject = 1C28A786262D8AAE0036951E /* Project object */;
}
